# @generated by Move, please check-in and do not edit manually.

[move]
version = 3
manifest_digest = "4AF348AEFF99989B88FAB9E5BFE1191E64A67DDED70F3A55AD1C55F8EEFEE8D5"
deps_digest = "F8BBB0CCB2491CA29A3DF03D6F92277A4F3574266507ACD77214D37ECA3F3082"
dependencies = [
  { id = "Sui", name = "Sui" },
]

[[move.package]]
id = "MoveStdlib"
source = { git = "https://github.com/MystenLabs/sui.git", rev = "framework/testnet", subdir = "crates\\sui-framework\\packages\\move-stdlib" }

[[move.package]]
id = "Sui"
source = { git = "https://github.com/MystenLabs/sui.git", rev = "framework/testnet", subdir = "crates/sui-framework/packages/sui-framework" }

dependencies = [
  { id = "MoveStdlib", name = "MoveStdlib" },
]

[move.toolchain-version]
compiler-version = "1.47.0"
edition = "2024"
flavor = "sui"

[env]

[env.testnet]
chain-id = "4c78adac"
original-published-id = "0x13a711c0008be92981a503cdc5ec7d60e7ad903846724f4a332a28c6a0613194"
latest-published-id = "0x13a711c0008be92981a503cdc5ec7d60e7ad903846724f4a332a28c6a0613194"
published-version = "1"
